<?xml version="1.0" encoding="utf-8"?>
<Project ToolsVersion="4.0" xmlns="http://schemas.microsoft.com/developer/msbuild/2003">
  <ItemGroup>
    <Filter Include="Source Files">
      <UniqueIdentifier>{4FC737F1-C7A5-4376-A066-2A32D752A2FF}</UniqueIdentifier>
      <Extensions>cpp;c;cc;cxx;c++;cppm;ixx;def;odl;idl;hpj;bat;asm;asmx</Extensions>
    </Filter>
    <Filter Include="Header Files">
      <UniqueIdentifier>{93995380-89BD-4b04-88EB-625FBE52EBFB}</UniqueIdentifier>
      <Extensions>h;hh;hpp;hxx;h++;hm;inl;inc;ipp;xsd</Extensions>
    </Filter>
    <Filter Include="Resource Files">
      <UniqueIdentifier>{67DA6AB6-F800-4c08-8B7A-83BB121AAD01}</UniqueIdentifier>
      <Extensions>rc;ico;cur;bmp;dlg;rc2;rct;bin;rgs;gif;jpg;jpeg;jpe;resx;tiff;tif;png;wav;mfcribbon-ms</Extensions>
    </Filter>
    <Filter Include="App">
      <UniqueIdentifier>{A1F9B61D-0E5C-4A50-9117-D2645AB1BE68}</UniqueIdentifier>
    </Filter>
    <Filter Include="Core">
      <UniqueIdentifier>{B4FC9D38-7734-4E3C-839B-1E5E3D05B214}</UniqueIdentifier>
    </Filter>
    <Filter Include="I/O">
      <UniqueIdentifier>{DD47E84C-7E80-4033-82E4-C8A17657A1FB}</UniqueIdentifier>
    </Filter>
    <Filter Include="Numerics">
      <UniqueIdentifier>{469BBA81-9559-48E8-9423-A7A073C3FCF7}</UniqueIdentifier>
    </Filter>
    <Filter Include="Particles">
      <UniqueIdentifier>{A7DEBAF9-E164-4CC6-BE34-4C7FF9DB980B}</UniqueIdentifier>
    </Filter>
    <Filter Include="Physics">
      <UniqueIdentifier>{1FCEFD8C-E9E0-4109-9307-AFC926D6EA1A}</UniqueIdentifier>
    </Filter>
    <Filter Include="Resampling">
      <UniqueIdentifier>{53D985A7-B9F7-4BC4-8C68-0EE52BDC2F87}</UniqueIdentifier>
    </Filter>
  </ItemGroup>
  <ItemGroup>
    <ClCompile Include="src\physics\Advection.cpp">
      <Filter>Physics</Filter>
    </ClCompile>
    <ClCompile Include="src\io\Histogram.cpp">
      <Filter>I/O</Filter>
    </ClCompile>
    <ClCompile Include="src\numerics\RandomContext.cpp">
      <Filter>Numerics</Filter>
    </ClCompile>
    <ClCompile Include="src\numerics\RandomSampling.cpp">
      <Filter>Numerics</Filter>
    </ClCompile>
    <ClCompile Include="src\app\RunOptions.cpp">
      <Filter>App</Filter>
    </ClCompile>
    <ClCompile Include="src\app\ConfigFile.cpp">
      <Filter>App</Filter>
    </ClCompile>
    <ClCompile Include="src\app\main.cpp">
      <Filter>App</Filter>
    </ClCompile>
    <ClCompile Include="src\core\Grid.cpp">
      <Filter>Core</Filter>
    </ClCompile>
    <ClCompile Include="src\particles\Particle.cpp">
      <Filter>Particles</Filter>
    </ClCompile>
    <ClCompile Include="src\particles\ParticleGroup.cpp">
      <Filter>Particles</Filter>
    </ClCompile>
    <ClCompile Include="src\particles\ParticleGroupOperations.cpp">
      <Filter>Particles</Filter>
    </ClCompile>
    <ClCompile Include="src\core\SimulationConfig.cpp">
      <Filter>Core</Filter>
    </ClCompile>
    <ClCompile Include="src\core\SimulationTypes.cpp">
      <Filter>Core</Filter>
    </ClCompile>
    <ClCompile Include="src\physics\Collisions.cpp">
      <Filter>Physics</Filter>
    </ClCompile>
    <ClCompile Include="src\io\Diagnostics.cpp">
      <Filter>I/O</Filter>
    </ClCompile>
    <ClCompile Include="src\physics\ElectricField.cpp">
      <Filter>Physics</Filter>
    </ClCompile>
    <ClCompile Include="src\numerics\FFT.cpp">
      <Filter>Numerics</Filter>
    </ClCompile>
    <ClCompile Include="src\physics\InitialConditions.cpp">
      <Filter>Physics</Filter>
    </ClCompile>
    <ClCompile Include="src\physics\Initialization.cpp">
      <Filter>Physics</Filter>
    </ClCompile>
    <ClCompile Include="src\particles\ParticleInitialization.cpp">
      <Filter>Particles</Filter>
    </ClCompile>
    <ClCompile Include="src\resampling\FullParticleFourier.cpp">
      <Filter>Resampling</Filter>
    </ClCompile>
    <ClCompile Include="src\resampling\FullParticleSampling.cpp">
      <Filter>Resampling</Filter>
    </ClCompile>
    <ClCompile Include="src\resampling\EffectiveWeightSelector.cpp">
      <Filter>Resampling</Filter>
    </ClCompile>
    <ClCompile Include="src\physics\Moments.cpp">
      <Filter>Physics</Filter>
    </ClCompile>
    <ClCompile Include="src\numerics\Numerics.cpp">
      <Filter>Numerics</Filter>
    </ClCompile>
    <ClCompile Include="src\physics\SimulationSteps.cpp">
      <Filter>Physics</Filter>
    </ClCompile>
    <ClCompile Include="src\physics\WeightedHdpCoupling.cpp">
      <Filter>Physics</Filter>
    </ClCompile>
    <ClCompile Include="src\resampling\NegativeParticleCollisions.cpp">
      <Filter>Resampling</Filter>
    </ClCompile>
      <ClCompile Include="src\resampling\NegativeParticleSampling.cpp">
        <Filter>Resampling</Filter>
      </ClCompile>
      <ClCompile Include="src\resampling\ParticlePartition.cpp">
        <Filter>Resampling</Filter>
      </ClCompile>
      <ClCompile Include="src\particles\ParticleConservation.cpp">
      <Filter>Particles</Filter>
    </ClCompile>
    <ClCompile Include="src\io\MacroOutput.cpp">
      <Filter>I/O</Filter>
    </ClCompile>
    <ClCompile Include="src\io\OutputPaths.cpp">
      <Filter>I/O</Filter>
    </ClCompile>
    <ClCompile Include="src\io\ParticleOutput.cpp">
      <Filter>I/O</Filter>
    </ClCompile>
    <ClCompile Include="src\io\RunMetadataOutput.cpp">
      <Filter>I/O</Filter>
    </ClCompile>
    <ClCompile Include="src\resampling\ParticleResampling.cpp">
      <Filter>Resampling</Filter>
    </ClCompile>
    <ClCompile Include="src\resampling\ProjectionSampling.cpp">
      <Filter>Resampling</Filter>
    </ClCompile>
      <ClCompile Include="src\resampling\ResamplingNumerics.cpp">
        <Filter>Resampling</Filter>
      </ClCompile>
      <ClCompile Include="src\resampling\ResamplingVelocity.cpp">
        <Filter>Resampling</Filter>
      </ClCompile>
      <ClCompile Include="src\resampling\WeightedFourierCoupling.cpp">
        <Filter>Resampling</Filter>
      </ClCompile>
    <ClCompile Include="src\resampling\Resampler.cpp">
      <Filter>Resampling</Filter>
    </ClCompile>
    <ClCompile Include="src\resampling\ResamplerHelper.cpp">
      <Filter>Resampling</Filter>
    </ClCompile>
    <ClCompile Include="src\app\Simulation.cpp">
      <Filter>App</Filter>
    </ClCompile>
  </ItemGroup>
  <ItemGroup>
    <ClInclude Include="src\physics\Advection.h">
      <Filter>Physics</Filter>
    </ClInclude>
    <ClInclude Include="src\io\Histogram.h">
      <Filter>I/O</Filter>
    </ClInclude>
    <ClInclude Include="src\numerics\RandomSampling.h">
      <Filter>Numerics</Filter>
    </ClInclude>
    <ClInclude Include="src\core\Constants.h">
      <Filter>Core</Filter>
    </ClInclude>
    <ClInclude Include="src\numerics\RandomContext.h">
      <Filter>Numerics</Filter>
    </ClInclude>
    <ClInclude Include="src\core\SimulationState.h">
      <Filter>Core</Filter>
    </ClInclude>
    <ClInclude Include="src\core\Grid.h">
      <Filter>Core</Filter>
    </ClInclude>
    <ClInclude Include="src\particles\Particle.h">
      <Filter>Particles</Filter>
    </ClInclude>
    <ClInclude Include="src\particles\ParticleGroup.h">
      <Filter>Particles</Filter>
    </ClInclude>
    <ClInclude Include="src\particles\ParticleGroupOperations.h">
      <Filter>Particles</Filter>
    </ClInclude>
    <ClInclude Include="src\core\SimulationConfig.h">
      <Filter>Core</Filter>
    </ClInclude>
    <ClInclude Include="src\core\SimulationTypes.h">
      <Filter>Core</Filter>
    </ClInclude>
    <ClInclude Include="src\core\TensorTypes.h">
      <Filter>Core</Filter>
    </ClInclude>
    <ClInclude Include="src\physics\Collisions.h">
      <Filter>Physics</Filter>
    </ClInclude>
    <ClInclude Include="src\io\Diagnostics.h">
      <Filter>I/O</Filter>
    </ClInclude>
    <ClInclude Include="src\physics\ElectricField.h">
      <Filter>Physics</Filter>
    </ClInclude>
    <ClInclude Include="src\numerics\FFT.h">
      <Filter>Numerics</Filter>
    </ClInclude>
    <ClInclude Include="src\physics\InitialConditions.h">
      <Filter>Physics</Filter>
    </ClInclude>
    <ClInclude Include="src\physics\Initialization.h">
      <Filter>Physics</Filter>
    </ClInclude>
    <ClInclude Include="src\particles\ParticleInitialization.h">
      <Filter>Particles</Filter>
    </ClInclude>
    <ClInclude Include="src\resampling\FullParticleFourier.h">
      <Filter>Resampling</Filter>
    </ClInclude>
    <ClInclude Include="src\resampling\FullParticleSampling.h">
      <Filter>Resampling</Filter>
    </ClInclude>
    <ClInclude Include="src\resampling\EffectiveWeightSelector.h">
      <Filter>Resampling</Filter>
    </ClInclude>
    <ClInclude Include="src\physics\Moments.h">
      <Filter>Physics</Filter>
    </ClInclude>
    <ClInclude Include="src\physics\SimulationSteps.h">
      <Filter>Physics</Filter>
    </ClInclude>
    <ClInclude Include="src\physics\WeightedHdpCoupling.h">
      <Filter>Physics</Filter>
    </ClInclude>
    <ClInclude Include="src\resampling\NegativeParticleCollisions.h">
      <Filter>Resampling</Filter>
    </ClInclude>
      <ClInclude Include="src\resampling\NegativeParticleSampling.h">
        <Filter>Resampling</Filter>
      </ClInclude>
      <ClInclude Include="src\resampling\ParticlePartition.h">
        <Filter>Resampling</Filter>
      </ClInclude>
      <ClInclude Include="src\particles\ParticleConservation.h">
      <Filter>Particles</Filter>
    </ClInclude>
    <ClInclude Include="src\io\MacroOutput.h">
      <Filter>I/O</Filter>
    </ClInclude>
    <ClInclude Include="src\io\OutputPaths.h">
      <Filter>I/O</Filter>
    </ClInclude>
    <ClInclude Include="src\io\ParticleOutput.h">
      <Filter>I/O</Filter>
    </ClInclude>
    <ClInclude Include="src\io\RunMetadataOutput.h">
      <Filter>I/O</Filter>
    </ClInclude>
    <ClInclude Include="src\resampling\ParticleResampling.h">
      <Filter>Resampling</Filter>
    </ClInclude>
    <ClInclude Include="src\resampling\ProjectionSampling.h">
      <Filter>Resampling</Filter>
    </ClInclude>
      <ClInclude Include="src\resampling\ResamplingNumerics.h">
        <Filter>Resampling</Filter>
      </ClInclude>
      <ClInclude Include="src\resampling\ResamplingVelocity.h">
        <Filter>Resampling</Filter>
      </ClInclude>
      <ClInclude Include="src\resampling\WeightedFourierCoupling.h">
        <Filter>Resampling</Filter>
      </ClInclude>
    <ClInclude Include="src\numerics\Numerics.h">
      <Filter>Numerics</Filter>
    </ClInclude>
    <ClInclude Include="src\resampling\Resampler.h">
      <Filter>Resampling</Filter>
    </ClInclude>
    <ClInclude Include="src\resampling\ResamplerHelper.h">
      <Filter>Resampling</Filter>
    </ClInclude>
    <ClInclude Include="src\app\RunOptions.h">
      <Filter>App</Filter>
    </ClInclude>
    <ClInclude Include="src\app\ConfigFile.h">
      <Filter>App</Filter>
    </ClInclude>
    <ClInclude Include="src\app\Simulation.h">
      <Filter>App</Filter>
    </ClInclude>
  </ItemGroup>
</Project>
