<?xml version="1.0" encoding="utf-8"?>
<Project ToolsVersion="4.0" xmlns="http://schemas.microsoft.com/developer/msbuild/2003">
  <ItemGroup>
    <Filter Include="Source Files">
      <UniqueIdentifier>{4FC737F1-C7A5-4376-A066-2A32D752A2FF}</UniqueIdentifier>
      <Extensions>cpp;c;cc;cxx;c++;cppm;ixx;def;odl;idl;hpj;bat;asm;asmx</Extensions>
    </Filter>
    <Filter Include="Header Files">
      <UniqueIdentifier>{93995380-89BD-4b04-88EB-625FBE52EBFB}</UniqueIdentifier>
      <Extensions>h;hh;hpp;hxx;h++;hm;inl;inc;ipp;xsd</Extensions>
    </Filter>
    <Filter Include="Resource Files">
      <UniqueIdentifier>{67DA6AB6-F800-4c08-8B7A-83BB121AAD01}</UniqueIdentifier>
      <Extensions>rc;ico;cur;bmp;dlg;rc2;rct;bin;rgs;gif;jpg;jpeg;jpe;resx;tiff;tif;png;wav;mfcribbon-ms</Extensions>
    </Filter>
  </ItemGroup>
  <ItemGroup>
    <ClCompile Include="src\Advection.cpp">
      <Filter>Source Files</Filter>
    </ClCompile>
    <ClCompile Include="src\Histogram.cpp">
      <Filter>Source Files</Filter>
    </ClCompile>
    <ClCompile Include="src\RandomContext.cpp">
      <Filter>Source Files</Filter>
    </ClCompile>
    <ClCompile Include="src\RandomSampling.cpp">
      <Filter>Source Files</Filter>
    </ClCompile>
    <ClCompile Include="src\RunOptions.cpp">
      <Filter>Source Files</Filter>
    </ClCompile>
    <ClCompile Include="src\main.cpp">
      <Filter>Source Files</Filter>
    </ClCompile>
    <ClCompile Include="src\Grid.cpp">
      <Filter>Source Files</Filter>
    </ClCompile>
    <ClCompile Include="src\Particle.cpp">
      <Filter>Source Files</Filter>
    </ClCompile>
    <ClCompile Include="src\ParticleGroup.cpp">
      <Filter>Source Files</Filter>
    </ClCompile>
    <ClCompile Include="src\ParticleGroupOperations.cpp">
      <Filter>Source Files</Filter>
    </ClCompile>
    <ClCompile Include="src\SimulationConfig.cpp">
      <Filter>Source Files</Filter>
    </ClCompile>
    <ClCompile Include="src\SimulationTypes.cpp">
      <Filter>Source Files</Filter>
    </ClCompile>
    <ClCompile Include="src\Collisions.cpp">
      <Filter>Source Files</Filter>
    </ClCompile>
    <ClCompile Include="src\Diagnostics.cpp">
      <Filter>Source Files</Filter>
    </ClCompile>
    <ClCompile Include="src\ElectricField.cpp">
      <Filter>Source Files</Filter>
    </ClCompile>
    <ClCompile Include="src\FFT.cpp">
      <Filter>Source Files</Filter>
    </ClCompile>
    <ClCompile Include="src\InitialConditions.cpp">
      <Filter>Source Files</Filter>
    </ClCompile>
    <ClCompile Include="src\Initialization.cpp">
      <Filter>Source Files</Filter>
    </ClCompile>
    <ClCompile Include="src\ParticleInitialization.cpp">
      <Filter>Source Files</Filter>
    </ClCompile>
    <ClCompile Include="src\FullParticleFourier.cpp">
      <Filter>Source Files</Filter>
    </ClCompile>
    <ClCompile Include="src\FullParticleSampling.cpp">
      <Filter>Source Files</Filter>
    </ClCompile>
    <ClCompile Include="src\Moments.cpp">
      <Filter>Source Files</Filter>
    </ClCompile>
    <ClCompile Include="src\Numerics.cpp">
      <Filter>Source Files</Filter>
    </ClCompile>
    <ClCompile Include="src\SimulationSteps.cpp">
      <Filter>Source Files</Filter>
    </ClCompile>
    <ClCompile Include="src\NegativeParticleCollisions.cpp">
      <Filter>Source Files</Filter>
    </ClCompile>
    <ClCompile Include="src\NegativeParticleSampling.cpp">
      <Filter>Source Files</Filter>
    </ClCompile>
    <ClCompile Include="src\ParticleConservation.cpp">
      <Filter>Source Files</Filter>
    </ClCompile>
    <ClCompile Include="src\MacroOutput.cpp">
      <Filter>Source Files</Filter>
    </ClCompile>
    <ClCompile Include="src\OutputPaths.cpp">
      <Filter>Source Files</Filter>
    </ClCompile>
    <ClCompile Include="src\ParticleOutput.cpp">
      <Filter>Source Files</Filter>
    </ClCompile>
    <ClCompile Include="src\RunMetadataOutput.cpp">
      <Filter>Source Files</Filter>
    </ClCompile>
    <ClCompile Include="src\ParticleResampling.cpp">
      <Filter>Source Files</Filter>
    </ClCompile>
    <ClCompile Include="src\ProjectionSampling.cpp">
      <Filter>Source Files</Filter>
    </ClCompile>
    <ClCompile Include="src\ResamplingNumerics.cpp">
      <Filter>Source Files</Filter>
    </ClCompile>
    <ClCompile Include="src\ResamplingVelocity.cpp">
      <Filter>Source Files</Filter>
    </ClCompile>
    <ClCompile Include="src\Resampler.cpp">
      <Filter>Source Files</Filter>
    </ClCompile>
    <ClCompile Include="src\ResamplerHelper.cpp">
      <Filter>Source Files</Filter>
    </ClCompile>
    <ClCompile Include="src\Simulation.cpp">
      <Filter>Source Files</Filter>
    </ClCompile>
  </ItemGroup>
  <ItemGroup>
    <ClInclude Include="src\Advection.h">
      <Filter>Header Files</Filter>
    </ClInclude>
    <ClInclude Include="src\Histogram.h">
      <Filter>Header Files</Filter>
    </ClInclude>
    <ClInclude Include="src\RandomSampling.h">
      <Filter>Header Files</Filter>
    </ClInclude>
    <ClInclude Include="src\Constants.h">
      <Filter>Header Files</Filter>
    </ClInclude>
    <ClInclude Include="src\RandomContext.h">
      <Filter>Header Files</Filter>
    </ClInclude>
    <ClInclude Include="src\SimulationState.h">
      <Filter>Header Files</Filter>
    </ClInclude>
    <ClInclude Include="src\Grid.h">
      <Filter>Header Files</Filter>
    </ClInclude>
    <ClInclude Include="src\Particle.h">
      <Filter>Header Files</Filter>
    </ClInclude>
    <ClInclude Include="src\ParticleGroup.h">
      <Filter>Header Files</Filter>
    </ClInclude>
    <ClInclude Include="src\ParticleGroupOperations.h">
      <Filter>Header Files</Filter>
    </ClInclude>
    <ClInclude Include="src\SimulationConfig.h">
      <Filter>Header Files</Filter>
    </ClInclude>
    <ClInclude Include="src\SimulationTypes.h">
      <Filter>Header Files</Filter>
    </ClInclude>
    <ClInclude Include="src\TensorTypes.h">
      <Filter>Header Files</Filter>
    </ClInclude>
    <ClInclude Include="src\Collisions.h">
      <Filter>Header Files</Filter>
    </ClInclude>
    <ClInclude Include="src\Diagnostics.h">
      <Filter>Header Files</Filter>
    </ClInclude>
    <ClInclude Include="src\ElectricField.h">
      <Filter>Header Files</Filter>
    </ClInclude>
    <ClInclude Include="src\FFT.h">
      <Filter>Header Files</Filter>
    </ClInclude>
    <ClInclude Include="src\InitialConditions.h">
      <Filter>Header Files</Filter>
    </ClInclude>
    <ClInclude Include="src\Initialization.h">
      <Filter>Header Files</Filter>
    </ClInclude>
    <ClInclude Include="src\ParticleInitialization.h">
      <Filter>Header Files</Filter>
    </ClInclude>
    <ClInclude Include="src\FullParticleFourier.h">
      <Filter>Header Files</Filter>
    </ClInclude>
    <ClInclude Include="src\FullParticleSampling.h">
      <Filter>Header Files</Filter>
    </ClInclude>
    <ClInclude Include="src\Moments.h">
      <Filter>Header Files</Filter>
    </ClInclude>
    <ClInclude Include="src\SimulationSteps.h">
      <Filter>Header Files</Filter>
    </ClInclude>
    <ClInclude Include="src\NegativeParticleCollisions.h">
      <Filter>Header Files</Filter>
    </ClInclude>
    <ClInclude Include="src\NegativeParticleSampling.h">
      <Filter>Header Files</Filter>
    </ClInclude>
    <ClInclude Include="src\ParticleConservation.h">
      <Filter>Header Files</Filter>
    </ClInclude>
    <ClInclude Include="src\MacroOutput.h">
      <Filter>Header Files</Filter>
    </ClInclude>
    <ClInclude Include="src\OutputPaths.h">
      <Filter>Header Files</Filter>
    </ClInclude>
    <ClInclude Include="src\ParticleOutput.h">
      <Filter>Header Files</Filter>
    </ClInclude>
    <ClInclude Include="src\RunMetadataOutput.h">
      <Filter>Header Files</Filter>
    </ClInclude>
    <ClInclude Include="src\ParticleResampling.h">
      <Filter>Header Files</Filter>
    </ClInclude>
    <ClInclude Include="src\ProjectionSampling.h">
      <Filter>Header Files</Filter>
    </ClInclude>
    <ClInclude Include="src\ResamplingNumerics.h">
      <Filter>Header Files</Filter>
    </ClInclude>
    <ClInclude Include="src\ResamplingVelocity.h">
      <Filter>Header Files</Filter>
    </ClInclude>
    <ClInclude Include="src\Numerics.h">
      <Filter>Header Files</Filter>
    </ClInclude>
    <ClInclude Include="src\Resampler.h">
      <Filter>Header Files</Filter>
    </ClInclude>
    <ClInclude Include="src\ResamplerHelper.h">
      <Filter>Header Files</Filter>
    </ClInclude>
    <ClInclude Include="src\RunOptions.h">
      <Filter>Header Files</Filter>
    </ClInclude>
    <ClInclude Include="src\Simulation.h">
      <Filter>Header Files</Filter>
    </ClInclude>
  </ItemGroup>
</Project>
